
Microsoft Visual Studio Solution File, Format Version 12.00
# Visual Studio 15
VisualStudioVersion = 15.0.27428.2037
MinimumVisualStudioVersion = 10.0.40219.1
Project("{FAE04EC0-301F-11D3-BF4B-00C04F79EFBC}") = "WPF09D", "WPF09D\WPF09D.csproj", "{DEB309B9-C46F-4FE3-947D-12E150790F4E}"
EndProject
Global
	GlobalSection(SolutionConfigurationPlatforms) = preSolution
		Debug|Any CPU = Debug|Any CPU
		Release|Any CPU = Release|Any CPU
	EndGlobalSection
	GlobalSection(ProjectConfigurationPlatforms) = postSolution
		{DEB309B9-C46F-4FE3-947D-12E150790F4E}.Debug|Any CPU.ActiveCfg = Debug|Any CPU
		{DEB309B9-C46F-4FE3-947D-12E150790F4E}.Debug|Any CPU.Build.0 = Debug|Any CPU
		{DEB309B9-C46F-4FE3-947D-12E150790F4E}.Release|Any CPU.ActiveCfg = Release|Any CPU
		{DEB309B9-C46F-4FE3-947D-12E150790F4E}.Release|Any CPU.Build.0 = Release|Any CPU
	EndGlobalSection
	GlobalSection(SolutionProperties) = preSolution
		HideSolutionNode = FALSE
	EndGlobalSection
	GlobalSection(ExtensibilityGlobals) = postSolution
		SolutionGuid = {62560BB7-28AB-43E4-95C4-799520213D1E}
	EndGlobalSection
EndGlobal
