
Microsoft Visual Studio Solution File, Format Version 12.00
# Visual Studio 15
VisualStudioVersion = 15.0.27428.2037
MinimumVisualStudioVersion = 10.0.40219.1
Project("{FAE04EC0-301F-11D3-BF4B-00C04F79EFBC}") = "WPF07D", "WPF07D\WPF07D.csproj", "{8E5111F7-29E6-4FD5-A589-58EEE9516CB2}"
EndProject
Global
	GlobalSection(SolutionConfigurationPlatforms) = preSolution
		Debug|Any CPU = Debug|Any CPU
		Release|Any CPU = Release|Any CPU
	EndGlobalSection
	GlobalSection(ProjectConfigurationPlatforms) = postSolution
		{8E5111F7-29E6-4FD5-A589-58EEE9516CB2}.Debug|Any CPU.ActiveCfg = Debug|Any CPU
		{8E5111F7-29E6-4FD5-A589-58EEE9516CB2}.Debug|Any CPU.Build.0 = Debug|Any CPU
		{8E5111F7-29E6-4FD5-A589-58EEE9516CB2}.Release|Any CPU.ActiveCfg = Release|Any CPU
		{8E5111F7-29E6-4FD5-A589-58EEE9516CB2}.Release|Any CPU.Build.0 = Release|Any CPU
	EndGlobalSection
	GlobalSection(SolutionProperties) = preSolution
		HideSolutionNode = FALSE
	EndGlobalSection
	GlobalSection(ExtensibilityGlobals) = postSolution
		SolutionGuid = {632EC26B-F9EA-4C65-A81F-0234D0ECEDF5}
	EndGlobalSection
EndGlobal
